
Microsoft Visual Studio Solution File, Format Version 12.00
# Visual Studio 15
VisualStudioVersion = 15.0.28307.705
MinimumVisualStudioVersion = 10.0.40219.1
Project("{FAE04EC0-301F-11D3-BF4B-00C04F79EFBC}") = "TCP", "TCP\TCP.csproj", "{FF076B7D-2EB9-4C9D-BE4E-52D2FAA2B9FC}"
EndProject
Project("{FAE04EC0-301F-11D3-BF4B-00C04F79EFBC}") = "TCPClient", "TCPClient\TCPClient.csproj", "{5B272A1A-59F7-4334-AC7E-6FDA9751FB71}"
EndProject
Global
	GlobalSection(SolutionConfigurationPlatforms) = preSolution
		Debug|Any CPU = Debug|Any CPU
		Release|Any CPU = Release|Any CPU
	EndGlobalSection
	GlobalSection(ProjectConfigurationPlatforms) = postSolution
		{FF076B7D-2EB9-4C9D-BE4E-52D2FAA2B9FC}.Debug|Any CPU.ActiveCfg = Debug|Any CPU
		{FF076B7D-2EB9-4C9D-BE4E-52D2FAA2B9FC}.Debug|Any CPU.Build.0 = Debug|Any CPU
		{FF076B7D-2EB9-4C9D-BE4E-52D2FAA2B9FC}.Release|Any CPU.ActiveCfg = Release|Any CPU
		{FF076B7D-2EB9-4C9D-BE4E-52D2FAA2B9FC}.Release|Any CPU.Build.0 = Release|Any CPU
		{5B272A1A-59F7-4334-AC7E-6FDA9751FB71}.Debug|Any CPU.ActiveCfg = Debug|Any CPU
		{5B272A1A-59F7-4334-AC7E-6FDA9751FB71}.Debug|Any CPU.Build.0 = Debug|Any CPU
		{5B272A1A-59F7-4334-AC7E-6FDA9751FB71}.Release|Any CPU.ActiveCfg = Release|Any CPU
		{5B272A1A-59F7-4334-AC7E-6FDA9751FB71}.Release|Any CPU.Build.0 = Release|Any CPU
	EndGlobalSection
	GlobalSection(SolutionProperties) = preSolution
		HideSolutionNode = FALSE
	EndGlobalSection
	GlobalSection(ExtensibilityGlobals) = postSolution
		SolutionGuid = {C296B67B-0001-4738-A714-AE12C5343AFC}
	EndGlobalSection
EndGlobal
